{
  "name": "multilanguagebible",
  "version": "1.0.0",
  "lockfileVersion": 2,
  "requires": true,
  "packages": {
    "": {
      "name": "multilanguagebible",
      "version": "1.0.0",
      "license": "ISC",
      "devDependencies": {
        "html-minifier-terser": "^7.2.0",
        "terser": "^5.41.0"
      }
    },
    "node_modules/@jridgewell/gen-mapping": {
      "version": "0.3.8",
      "resolved": "https://frontiersoftware.pkgs.visualstudio.com/_packaging/WebLibrary/npm/registry/@jridgewell/gen-mapping/-/gen-mapping-0.3.8.tgz",
      "integrity": "sha1-Tw4GNi4BNi+CPTSPGHKwj2ZtgUI=",
      "dev": true,
      "license": "MIT",
      "dependencies": {
        "@jridgewell/set-array": "^1.2.1",
        "@jridgewell/sourcemap-codec": "^1.4.10",
        "@jridgewell/trace-mapping": "^0.3.24"
      },
      "engines": {
        "node": ">=6.0.0"
      }
    },
    "node_modules/@jridgewell/resolve-uri": {
      "version": "3.1.2",
      "resolved": "https://frontiersoftware.pkgs.visualstudio.com/_packaging/WebLibrary/npm/registry/@jridgewell/resolve-uri/-/resolve-uri-3.1.2.tgz",
      "integrity": "sha1-eg7mAfYPmaIMfHxf8MgDiMEYm9Y=",
      "dev": true,
      "license": "MIT",
      "engines": {
        "node": ">=6.0.0"
      }
    },
    "node_modules/@jridgewell/set-array": {
      "version": "1.2.1",
      "resolved": "https://frontiersoftware.pkgs.visualstudio.com/_packaging/WebLibrary/npm/registry/@jridgewell/set-array/-/set-array-1.2.1.tgz",
      "integrity": "sha1-VY+2Ry7RakyFC4iVMOazZDjEkoA=",
      "dev": true,
      "license": "MIT",
      "engines": {
        "node": ">=6.0.0"
      }
    },
    "node_modules/@jridgewell/source-map": {
      "version": "0.3.6",
      "resolved": "https://frontiersoftware.pkgs.visualstudio.com/_packaging/WebLibrary/npm/registry/@jridgewell/source-map/-/source-map-0.3.6.tgz",
      "integrity": "sha1-nXHKiG4yUC65NiyadKRnh8Nt+Bo=",
      "dev": true,
      "license": "MIT",
      "dependencies": {
        "@jridgewell/gen-mapping": "^0.3.5",
        "@jridgewell/trace-mapping": "^0.3.25"
      }
    },
    "node_modules/@jridgewell/sourcemap-codec": {
      "version": "1.5.0",
      "resolved": "https://frontiersoftware.pkgs.visualstudio.com/_packaging/WebLibrary/npm/registry/@jridgewell/sourcemap-codec/-/sourcemap-codec-1.5.0.tgz",
      "integrity": "sha1-MYi8snOkFLDSFf0ipYVAuYm5QJo=",
      "dev": true,
      "license": "MIT"
    },
    "node_modules/@jridgewell/trace-mapping": {
      "version": "0.3.25",
      "resolved": "https://frontiersoftware.pkgs.visualstudio.com/_packaging/WebLibrary/npm/registry/@jridgewell/trace-mapping/-/trace-mapping-0.3.25.tgz",
      "integrity": "sha1-FfGQ6YiV8/wjJ27hS8drZ1wuUPA=",
      "dev": true,
      "license": "MIT",
      "dependencies": {
        "@jridgewell/resolve-uri": "^3.1.0",
        "@jridgewell/sourcemap-codec": "^1.4.14"
      }
    },
    "node_modules/acorn": {
      "version": "8.14.1",
      "resolved": "https://frontiersoftware.pkgs.visualstudio.com/_packaging/WebLibrary/npm/registry/acorn/-/acorn-8.14.1.tgz",
      "integrity": "sha1-ch1dwQ99W1YJqJF3PUdzF5aTXfs=",
      "dev": true,
      "license": "MIT",
      "bin": {
        "acorn": "bin/acorn"
      },
      "engines": {
        "node": ">=0.4.0"
      }
    },
    "node_modules/buffer-from": {
      "version": "1.1.2",
      "resolved": "https://frontiersoftware.pkgs.visualstudio.com/_packaging/WebLibrary/npm/registry/buffer-from/-/buffer-from-1.1.2.tgz",
      "integrity": "sha1-KxRqb9cugLT1XSVfNe1Zo6mkG9U=",
      "dev": true,
      "license": "MIT"
    },
    "node_modules/camel-case": {
      "version": "4.1.2",
      "resolved": "https://frontiersoftware.pkgs.visualstudio.com/_packaging/WebLibrary/npm/registry/camel-case/-/camel-case-4.1.2.tgz",
      "integrity": "sha1-lygHKpVPgFIoIlpt7qazhGHhvVo=",
      "dev": true,
      "license": "MIT",
      "dependencies": {
        "pascal-case": "^3.1.2",
        "tslib": "^2.0.3"
      }
    },
    "node_modules/clean-css": {
      "version": "5.3.3",
      "resolved": "https://frontiersoftware.pkgs.visualstudio.com/_packaging/WebLibrary/npm/registry/clean-css/-/clean-css-5.3.3.tgz",
      "integrity": "sha1-szBlPNO9a3UAnMJccUyue5M1HM0=",
      "dev": true,
      "license": "MIT",
      "dependencies": {
        "source-map": "~0.6.0"
      },
      "engines": {
        "node": ">= 10.0"
      }
    },
    "node_modules/commander": {
      "version": "10.0.1",
      "resolved": "https://frontiersoftware.pkgs.visualstudio.com/_packaging/WebLibrary/npm/registry/commander/-/commander-10.0.1.tgz",
      "integrity": "sha1-iB7ka0930cHczFgjQzqjmwIsvgY=",
      "dev": true,
      "license": "MIT",
      "engines": {
        "node": ">=14"
      }
    },
    "node_modules/dot-case": {
      "version": "3.0.4",
      "resolved": "https://frontiersoftware.pkgs.visualstudio.com/_packaging/WebLibrary/npm/registry/dot-case/-/dot-case-3.0.4.tgz",
      "integrity": "sha1-mytnDQCkMWZ6inW6Kc0bmICc51E=",
      "dev": true,
      "license": "MIT",
      "dependencies": {
        "no-case": "^3.0.4",
        "tslib": "^2.0.3"
      }
    },
    "node_modules/entities": {
      "version": "4.5.0",
      "resolved": "https://frontiersoftware.pkgs.visualstudio.com/_packaging/WebLibrary/npm/registry/entities/-/entities-4.5.0.tgz",
      "integrity": "sha1-XSaOpecRPsdMTQM7eepaNaSI+0g=",
      "dev": true,
      "license": "BSD-2-Clause",
      "engines": {
        "node": ">=0.12"
      },
      "funding": {
        "url": "https://github.com/fb55/entities?sponsor=1"
      }
    },
    "node_modules/html-minifier-terser": {
      "version": "7.2.0",
      "resolved": "https://frontiersoftware.pkgs.visualstudio.com/_packaging/WebLibrary/npm/registry/html-minifier-terser/-/html-minifier-terser-7.2.0.tgz",
      "integrity": "sha1-GHUuI6Lw7UsPVQ8he7QWk+l1uUI=",
      "dev": true,
      "license": "MIT",
      "dependencies": {
        "camel-case": "^4.1.2",
        "clean-css": "~5.3.2",
        "commander": "^10.0.0",
        "entities": "^4.4.0",
        "param-case": "^3.0.4",
        "relateurl": "^0.2.7",
        "terser": "^5.15.1"
      },
      "bin": {
        "html-minifier-terser": "cli.js"
      },
      "engines": {
        "node": "^14.13.1 || >=16.0.0"
      }
    },
    "node_modules/lower-case": {
      "version": "2.0.2",
      "resolved": "https://frontiersoftware.pkgs.visualstudio.com/_packaging/WebLibrary/npm/registry/lower-case/-/lower-case-2.0.2.tgz",
      "integrity": "sha1-b6I3xj29xKgsoP2ILkci3F5jTig=",
      "dev": true,
      "license": "MIT",
      "dependencies": {
        "tslib": "^2.0.3"
      }
    },
    "node_modules/no-case": {
      "version": "3.0.4",
      "resolved": "https://frontiersoftware.pkgs.visualstudio.com/_packaging/WebLibrary/npm/registry/no-case/-/no-case-3.0.4.tgz",
      "integrity": "sha1-02H9XJgA9VhVGoNp/A3NRmK2Ek0=",
      "dev": true,
      "license": "MIT",
      "dependencies": {
        "lower-case": "^2.0.2",
        "tslib": "^2.0.3"
      }
    },
    "node_modules/param-case": {
      "version": "3.0.4",
      "resolved": "https://frontiersoftware.pkgs.visualstudio.com/_packaging/WebLibrary/npm/registry/param-case/-/param-case-3.0.4.tgz",
      "integrity": "sha1-fRf+SqEr3jTUp32RrPtiGcqtAcU=",
      "dev": true,
      "license": "MIT",
      "dependencies": {
        "dot-case": "^3.0.4",
        "tslib": "^2.0.3"
      }
    },
    "node_modules/pascal-case": {
      "version": "3.1.2",
      "resolved": "https://frontiersoftware.pkgs.visualstudio.com/_packaging/WebLibrary/npm/registry/pascal-case/-/pascal-case-3.1.2.tgz",
      "integrity": "sha1-tI4O8rmOIF58Ha50fQsVCCN2YOs=",
      "dev": true,
      "license": "MIT",
      "dependencies": {
        "no-case": "^3.0.4",
        "tslib": "^2.0.3"
      }
    },
    "node_modules/relateurl": {
      "version": "0.2.7",
      "resolved": "https://frontiersoftware.pkgs.visualstudio.com/_packaging/WebLibrary/npm/registry/relateurl/-/relateurl-0.2.7.tgz",
      "integrity": "sha1-VNvzd+UUQKypCkzSdGANP/LYiKk=",
      "dev": true,
      "license": "MIT",
      "engines": {
        "node": ">= 0.10"
      }
    },
    "node_modules/source-map": {
      "version": "0.6.1",
      "resolved": "https://frontiersoftware.pkgs.visualstudio.com/_packaging/WebLibrary/npm/registry/source-map/-/source-map-0.6.1.tgz",
      "integrity": "sha1-dHIq8y6WFOnCh6jQu95IteLxomM=",
      "dev": true,
      "license": "BSD-3-Clause",
      "engines": {
        "node": ">=0.10.0"
      }
    },
    "node_modules/source-map-support": {
      "version": "0.5.21",
      "resolved": "https://frontiersoftware.pkgs.visualstudio.com/_packaging/WebLibrary/npm/registry/source-map-support/-/source-map-support-0.5.21.tgz",
      "integrity": "sha1-BP58f54e0tZiIzwoyys1ufY/bk8=",
      "dev": true,
      "license": "MIT",
      "dependencies": {
        "buffer-from": "^1.0.0",
        "source-map": "^0.6.0"
      }
    },
    "node_modules/terser": {
      "version": "5.41.0",
      "resolved": "https://frontiersoftware.pkgs.visualstudio.com/_packaging/WebLibrary/npm/registry/terser/-/terser-5.41.0.tgz",
      "integrity": "sha1-EWRruhHv9y1Qb7r70AhvVxcxQeE=",
      "dev": true,
      "license": "BSD-2-Clause",
      "dependencies": {
        "@jridgewell/source-map": "^0.3.3",
        "acorn": "^8.14.0",
        "commander": "^2.20.0",
        "source-map-support": "~0.5.20"
      },
      "bin": {
        "terser": "bin/terser"
      },
      "engines": {
        "node": ">=10"
      }
    },
    "node_modules/terser/node_modules/commander": {
      "version": "2.20.3",
      "resolved": "https://frontiersoftware.pkgs.visualstudio.com/_packaging/WebLibrary/npm/registry/commander/-/commander-2.20.3.tgz",
      "integrity": "sha1-/UhehMA+tIgcIHIrpIA16FMa6zM=",
      "dev": true,
      "license": "MIT"
    },
    "node_modules/tslib": {
      "version": "2.8.1",
      "resolved": "https://frontiersoftware.pkgs.visualstudio.com/_packaging/WebLibrary/npm/registry/tslib/-/tslib-2.8.1.tgz",
      "integrity": "sha1-YS7+TtI11Wfoq6Xypfq3AoCt6D8=",
      "dev": true,
      "license": "0BSD"
    }
  },
  "dependencies": {
    "@jridgewell/gen-mapping": {
      "version": "0.3.8",
      "resolved": "https://frontiersoftware.pkgs.visualstudio.com/_packaging/WebLibrary/npm/registry/@jridgewell/gen-mapping/-/gen-mapping-0.3.8.tgz",
      "integrity": "sha1-Tw4GNi4BNi+CPTSPGHKwj2ZtgUI=",
      "dev": true,
      "requires": {
        "@jridgewell/set-array": "^1.2.1",
        "@jridgewell/sourcemap-codec": "^1.4.10",
        "@jridgewell/trace-mapping": "^0.3.24"
      }
    },
    "@jridgewell/resolve-uri": {
      "version": "3.1.2",
      "resolved": "https://frontiersoftware.pkgs.visualstudio.com/_packaging/WebLibrary/npm/registry/@jridgewell/resolve-uri/-/resolve-uri-3.1.2.tgz",
      "integrity": "sha1-eg7mAfYPmaIMfHxf8MgDiMEYm9Y=",
      "dev": true
    },
    "@jridgewell/set-array": {
      "version": "1.2.1",
      "resolved": "https://frontiersoftware.pkgs.visualstudio.com/_packaging/WebLibrary/npm/registry/@jridgewell/set-array/-/set-array-1.2.1.tgz",
      "integrity": "sha1-VY+2Ry7RakyFC4iVMOazZDjEkoA=",
      "dev": true
    },
    "@jridgewell/source-map": {
      "version": "0.3.6",
      "resolved": "https://frontiersoftware.pkgs.visualstudio.com/_packaging/WebLibrary/npm/registry/@jridgewell/source-map/-/source-map-0.3.6.tgz",
      "integrity": "sha1-nXHKiG4yUC65NiyadKRnh8Nt+Bo=",
      "dev": true,
      "requires": {
        "@jridgewell/gen-mapping": "^0.3.5",
        "@jridgewell/trace-mapping": "^0.3.25"
      }
    },
    "@jridgewell/sourcemap-codec": {
      "version": "1.5.0",
      "resolved": "https://frontiersoftware.pkgs.visualstudio.com/_packaging/WebLibrary/npm/registry/@jridgewell/sourcemap-codec/-/sourcemap-codec-1.5.0.tgz",
      "integrity": "sha1-MYi8snOkFLDSFf0ipYVAuYm5QJo=",
      "dev": true
    },
    "@jridgewell/trace-mapping": {
      "version": "0.3.25",
      "resolved": "https://frontiersoftware.pkgs.visualstudio.com/_packaging/WebLibrary/npm/registry/@jridgewell/trace-mapping/-/trace-mapping-0.3.25.tgz",
      "integrity": "sha1-FfGQ6YiV8/wjJ27hS8drZ1wuUPA=",
      "dev": true,
      "requires": {
        "@jridgewell/resolve-uri": "^3.1.0",
        "@jridgewell/sourcemap-codec": "^1.4.14"
      }
    },
    "acorn": {
      "version": "8.14.1",
      "resolved": "https://frontiersoftware.pkgs.visualstudio.com/_packaging/WebLibrary/npm/registry/acorn/-/acorn-8.14.1.tgz",
      "integrity": "sha1-ch1dwQ99W1YJqJF3PUdzF5aTXfs=",
      "dev": true
    },
    "buffer-from": {
      "version": "1.1.2",
      "resolved": "https://frontiersoftware.pkgs.visualstudio.com/_packaging/WebLibrary/npm/registry/buffer-from/-/buffer-from-1.1.2.tgz",
      "integrity": "sha1-KxRqb9cugLT1XSVfNe1Zo6mkG9U=",
      "dev": true
    },
    "camel-case": {
      "version": "4.1.2",
      "resolved": "https://frontiersoftware.pkgs.visualstudio.com/_packaging/WebLibrary/npm/registry/camel-case/-/camel-case-4.1.2.tgz",
      "integrity": "sha1-lygHKpVPgFIoIlpt7qazhGHhvVo=",
      "dev": true,
      "requires": {
        "pascal-case": "^3.1.2",
        "tslib": "^2.0.3"
      }
    },
    "clean-css": {
      "version": "5.3.3",
      "resolved": "https://frontiersoftware.pkgs.visualstudio.com/_packaging/WebLibrary/npm/registry/clean-css/-/clean-css-5.3.3.tgz",
      "integrity": "sha1-szBlPNO9a3UAnMJccUyue5M1HM0=",
      "dev": true,
      "requires": {
        "source-map": "~0.6.0"
      }
    },
    "commander": {
      "version": "10.0.1",
      "resolved": "https://frontiersoftware.pkgs.visualstudio.com/_packaging/WebLibrary/npm/registry/commander/-/commander-10.0.1.tgz",
      "integrity": "sha1-iB7ka0930cHczFgjQzqjmwIsvgY=",
      "dev": true
    },
    "dot-case": {
      "version": "3.0.4",
      "resolved": "https://frontiersoftware.pkgs.visualstudio.com/_packaging/WebLibrary/npm/registry/dot-case/-/dot-case-3.0.4.tgz",
      "integrity": "sha1-mytnDQCkMWZ6inW6Kc0bmICc51E=",
      "dev": true,
      "requires": {
        "no-case": "^3.0.4",
        "tslib": "^2.0.3"
      }
    },
    "entities": {
      "version": "4.5.0",
      "resolved": "https://frontiersoftware.pkgs.visualstudio.com/_packaging/WebLibrary/npm/registry/entities/-/entities-4.5.0.tgz",
      "integrity": "sha1-XSaOpecRPsdMTQM7eepaNaSI+0g=",
      "dev": true
    },
    "html-minifier-terser": {
      "version": "7.2.0",
      "resolved": "https://frontiersoftware.pkgs.visualstudio.com/_packaging/WebLibrary/npm/registry/html-minifier-terser/-/html-minifier-terser-7.2.0.tgz",
      "integrity": "sha1-GHUuI6Lw7UsPVQ8he7QWk+l1uUI=",
      "dev": true,
      "requires": {
        "camel-case": "^4.1.2",
        "clean-css": "~5.3.2",
        "commander": "^10.0.0",
        "entities": "^4.4.0",
        "param-case": "^3.0.4",
        "relateurl": "^0.2.7",
        "terser": "^5.15.1"
      }
    },
    "lower-case": {
      "version": "2.0.2",
      "resolved": "https://frontiersoftware.pkgs.visualstudio.com/_packaging/WebLibrary/npm/registry/lower-case/-/lower-case-2.0.2.tgz",
      "integrity": "sha1-b6I3xj29xKgsoP2ILkci3F5jTig=",
      "dev": true,
      "requires": {
        "tslib": "^2.0.3"
      }
    },
    "no-case": {
      "version": "3.0.4",
      "resolved": "https://frontiersoftware.pkgs.visualstudio.com/_packaging/WebLibrary/npm/registry/no-case/-/no-case-3.0.4.tgz",
      "integrity": "sha1-02H9XJgA9VhVGoNp/A3NRmK2Ek0=",
      "dev": true,
      "requires": {
        "lower-case": "^2.0.2",
        "tslib": "^2.0.3"
      }
    },
    "param-case": {
      "version": "3.0.4",
      "resolved": "https://frontiersoftware.pkgs.visualstudio.com/_packaging/WebLibrary/npm/registry/param-case/-/param-case-3.0.4.tgz",
      "integrity": "sha1-fRf+SqEr3jTUp32RrPtiGcqtAcU=",
      "dev": true,
      "requires": {
        "dot-case": "^3.0.4",
        "tslib": "^2.0.3"
      }
    },
    "pascal-case": {
      "version": "3.1.2",
      "resolved": "https://frontiersoftware.pkgs.visualstudio.com/_packaging/WebLibrary/npm/registry/pascal-case/-/pascal-case-3.1.2.tgz",
      "integrity": "sha1-tI4O8rmOIF58Ha50fQsVCCN2YOs=",
      "dev": true,
      "requires": {
        "no-case": "^3.0.4",
        "tslib": "^2.0.3"
      }
    },
    "relateurl": {
      "version": "0.2.7",
      "resolved": "https://frontiersoftware.pkgs.visualstudio.com/_packaging/WebLibrary/npm/registry/relateurl/-/relateurl-0.2.7.tgz",
      "integrity": "sha1-VNvzd+UUQKypCkzSdGANP/LYiKk=",
      "dev": true
    },
    "source-map": {
      "version": "0.6.1",
      "resolved": "https://frontiersoftware.pkgs.visualstudio.com/_packaging/WebLibrary/npm/registry/source-map/-/source-map-0.6.1.tgz",
      "integrity": "sha1-dHIq8y6WFOnCh6jQu95IteLxomM=",
      "dev": true
    },
    "source-map-support": {
      "version": "0.5.21",
      "resolved": "https://frontiersoftware.pkgs.visualstudio.com/_packaging/WebLibrary/npm/registry/source-map-support/-/source-map-support-0.5.21.tgz",
      "integrity": "sha1-BP58f54e0tZiIzwoyys1ufY/bk8=",
      "dev": true,
      "requires": {
        "buffer-from": "^1.0.0",
        "source-map": "^0.6.0"
      }
    },
    "terser": {
      "version": "5.41.0",
      "resolved": "https://frontiersoftware.pkgs.visualstudio.com/_packaging/WebLibrary/npm/registry/terser/-/terser-5.41.0.tgz",
      "integrity": "sha1-EWRruhHv9y1Qb7r70AhvVxcxQeE=",
      "dev": true,
      "requires": {
        "@jridgewell/source-map": "^0.3.3",
        "acorn": "^8.14.0",
        "commander": "^2.20.0",
        "source-map-support": "~0.5.20"
      },
      "dependencies": {
        "commander": {
          "version": "2.20.3",
          "resolved": "https://frontiersoftware.pkgs.visualstudio.com/_packaging/WebLibrary/npm/registry/commander/-/commander-2.20.3.tgz",
          "integrity": "sha1-/UhehMA+tIgcIHIrpIA16FMa6zM=",
          "dev": true
        }
      }
    },
    "tslib": {
      "version": "2.8.1",
      "resolved": "https://frontiersoftware.pkgs.visualstudio.com/_packaging/WebLibrary/npm/registry/tslib/-/tslib-2.8.1.tgz",
      "integrity": "sha1-YS7+TtI11Wfoq6Xypfq3AoCt6D8=",
      "dev": true
    }
  }
}
